
Microsoft Visual Studio Solution File, Format Version 12.00
# Visual Studio Version 17
VisualStudioVersion = 17.9.34616.47
MinimumVisualStudioVersion = 10.0.40219.1
Project("{FAE04EC0-301F-11D3-BF4B-00C04F79EFBC}") = "lab4", "lab4.csproj", "{564BB8F2-D27A-417B-AA56-4885E7FF160B}"
EndProject
Global
	GlobalSection(SolutionConfigurationPlatforms) = preSolution
		Debug|Any CPU = Debug|Any CPU
		Release|Any CPU = Release|Any CPU
	EndGlobalSection
	GlobalSection(ProjectConfigurationPlatforms) = postSolution
		{564BB8F2-D27A-417B-AA56-4885E7FF160B}.Debug|Any CPU.ActiveCfg = Debug|Any CPU
		{564BB8F2-D27A-417B-AA56-4885E7FF160B}.Debug|Any CPU.Build.0 = Debug|Any CPU
		{564BB8F2-D27A-417B-AA56-4885E7FF160B}.Release|Any CPU.ActiveCfg = Release|Any CPU
		{564BB8F2-D27A-417B-AA56-4885E7FF160B}.Release|Any CPU.Build.0 = Release|Any CPU
	EndGlobalSection
	GlobalSection(SolutionProperties) = preSolution
		HideSolutionNode = FALSE
	EndGlobalSection
	GlobalSection(ExtensibilityGlobals) = postSolution
		SolutionGuid = {9337DD81-9A12-4826-BB73-10F90BE12D17}
	EndGlobalSection
EndGlobal
